
Microsoft Visual Studio Solution File, Format Version 12.00
# Visual Studio Version 16
VisualStudioVersion = 16.0.33801.447
MinimumVisualStudioVersion = 10.0.40219.1
Project("{FAE04EC0-301F-11D3-BF4B-00C04F79EFBC}") = "HashVerifier", "HashVerifier\HashVerifier.csproj", "{3C5436D2-1B6E-4C46-B698-369E99C04651}"
EndProject
Global
	GlobalSection(SolutionConfigurationPlatforms) = preSolution
		Debug|Any CPU = Debug|Any CPU
		Release|Any CPU = Release|Any CPU
	EndGlobalSection
	GlobalSection(ProjectConfigurationPlatforms) = postSolution
		{3C5436D2-1B6E-4C46-B698-369E99C04651}.Debug|Any CPU.ActiveCfg = Debug|Any CPU
		{3C5436D2-1B6E-4C46-B698-369E99C04651}.Debug|Any CPU.Build.0 = Debug|Any CPU
		{3C5436D2-1B6E-4C46-B698-369E99C04651}.Release|Any CPU.ActiveCfg = Release|Any CPU
		{3C5436D2-1B6E-4C46-B698-369E99C04651}.Release|Any CPU.Build.0 = Release|Any CPU
	EndGlobalSection
	GlobalSection(SolutionProperties) = preSolution
		HideSolutionNode = FALSE
	EndGlobalSection
	GlobalSection(ExtensibilityGlobals) = postSolution
		SolutionGuid = {CB137D85-16EE-4F04-8C7C-BBA11E795011}
	EndGlobalSection
EndGlobal
